{
  "object": {
    "pins": [
      {
        "package": "Qonversion",
        "repositoryURL": "git@github.com:qonversion/qonversion-ios-sdk.git",
        "state": {
          "branch": null,
          "revision": "88396dd0429420f0595d3826eb64a63ea956f98e",
          "version": "6.2.1"
        }
      }
    ]
  },
  "version": 1
}
